// !$*UTF8*$!
{
	archiveVersion = 1;
	classes = {
	};
	objectVersion = 46;
	objects = {

/* Begin PBXBuildFile section */
		EF0DAB7D1BF190C50029DD34 /* main.m in Sources */ = {isa = PBXBuildFile; fileRef = EF0DAB7C1BF190C50029DD34 /* main.m */; };
		EF0DAB801BF190C50029DD34 /* AppDelegate.m in Sources */ = {isa = PBXBuildFile; fileRef = EF0DAB7F1BF190C50029DD34 /* AppDelegate.m */; };
		EF0DAB831BF190C50029DD34 /* ViewController.m in Sources */ = {isa = PBXBuildFile; fileRef = EF0DAB821BF190C50029DD34 /* ViewController.m */; };
		EF0DAB861BF190C50029DD34 /* Main.storyboard in Resources */ = {isa = PBXBuildFile; fileRef = EF0DAB841BF190C50029DD34 /* Main.storyboard */; };
		EF0DAB881BF190C50029DD34 /* Assets.xcassets in Resources */ = {isa = PBXBuildFile; fileRef = EF0DAB871BF190C50029DD34 /* Assets.xcassets */; };
		EF0DAB8B1BF190C50029DD34 /* LaunchScreen.storyboard in Resources */ = {isa = PBXBuildFile; fileRef = EF0DAB891BF190C50029DD34 /* LaunchScreen.storyboard */; };
		EF0DAB941BF1AACD0029DD34 /* RetiredSuperhero.m in Sources */ = {isa = PBXBuildFile; fileRef = EF0DAB931BF1AACD0029DD34 /* RetiredSuperhero.m */; };
		EF61DACA1BF439FF005BE20C /* fuuuuu.xcdatamodel in Sources */ = {isa = PBXBuildFile; fileRef = EF61DAC91BF439FF005BE20C /* fuuuuu.xcdatamodel */; };
		EF61DACF1BF43C79005BE20C /* Superheros+CoreDataProperties.m in Sources */ = {isa = PBXBuildFile; fileRef = EF61DACC1BF43C79005BE20C /* Superheros+CoreDataProperties.m */; };
		EF61DAD01BF43C79005BE20C /* Superheros.m in Sources */ = {isa = PBXBuildFile; fileRef = EF61DACE1BF43C79005BE20C /* Superheros.m */; };
/* End PBXBuildFile section */

/* Begin PBXFileReference section */
		EF0DAB781BF190C50029DD34 /* Superheropedia.app */ = {isa = PBXFileReference; explicitFileType = wrapper.application; includeInIndex = 0; path = Superheropedia.app; sourceTree = BUILT_PRODUCTS_DIR; };
		EF0DAB7C1BF190C50029DD34 /* main.m */ = {isa = PBXFileReference; lastKnownFileType = sourcecode.c.objc; path = main.m; sourceTree = "<group>"; };
		EF0DAB7E1BF190C50029DD34 /* AppDelegate.h */ = {isa = PBXFileReference; lastKnownFileType = sourcecode.c.h; path = AppDelegate.h; sourceTree = "<group>"; };
		EF0DAB7F1BF190C50029DD34 /* AppDelegate.m */ = {isa = PBXFileReference; lastKnownFileType = sourcecode.c.objc; path = AppDelegate.m; sourceTree = "<group>"; };
		EF0DAB811BF190C50029DD34 /* ViewController.h */ = {isa = PBXFileReference; lastKnownFileType = sourcecode.c.h; path = ViewController.h; sourceTree = "<group>"; };
		EF0DAB821BF190C50029DD34 /* ViewController.m */ = {isa = PBXFileReference; lastKnownFileType = sourcecode.c.objc; path = ViewController.m; sourceTree = "<group>"; };
		EF0DAB851BF190C50029DD34 /* Base */ = {isa = PBXFileReference; lastKnownFileType = file.storyboard; name = Base; path = Base.lproj/Main.storyboard; sourceTree = "<group>"; };
		EF0DAB871BF190C50029DD34 /* Assets.xcassets */ = {isa = PBXFileReference; lastKnownFileType = folder.assetcatalog; path = Assets.xcassets; sourceTree = "<group>"; };
		EF0DAB8A1BF190C50029DD34 /* Base */ = {isa = PBXFileReference; lastKnownFileType = file.storyboard; name = Base; path = Base.lproj/LaunchScreen.storyboard; sourceTree = "<group>"; };
		EF0DAB8C1BF190C50029DD34 /* Info.plist */ = {isa = PBXFileReference; lastKnownFileType = text.plist.xml; path = Info.plist; sourceTree = "<group>"; };
		EF0DAB921BF1AACD0029DD34 /* RetiredSuperhero.h */ = {isa = PBXFileReference; fileEncoding = 4; lastKnownFileType = sourcecode.c.h; path = RetiredSuperhero.h; sourceTree = "<group>"; };
		EF0DAB931BF1AACD0029DD34 /* RetiredSuperhero.m */ = {isa = PBXFileReference; fileEncoding = 4; lastKnownFileType = sourcecode.c.objc; path = RetiredSuperhero.m; sourceTree = "<group>"; };
		EF61DAC91BF439FF005BE20C /* fuuuuu.xcdatamodel */ = {isa = PBXFileReference; lastKnownFileType = wrapper.xcdatamodel; path = fuuuuu.xcdatamodel; sourceTree = "<group>"; };
		EF61DACB1BF43C79005BE20C /* Superheros+CoreDataProperties.h */ = {isa = PBXFileReference; fileEncoding = 4; lastKnownFileType = sourcecode.c.h; name = "Superheros+CoreDataProperties.h"; path = "../Superheros+CoreDataProperties.h"; sourceTree = "<group>"; };
		EF61DACC1BF43C79005BE20C /* Superheros+CoreDataProperties.m */ = {isa = PBXFileReference; fileEncoding = 4; lastKnownFileType = sourcecode.c.objc; name = "Superheros+CoreDataProperties.m"; path = "../Superheros+CoreDataProperties.m"; sourceTree = "<group>"; };
		EF61DACD1BF43C79005BE20C /* Superheros.h */ = {isa = PBXFileReference; fileEncoding = 4; lastKnownFileType = sourcecode.c.h; name = Superheros.h; path = ../Superheros.h; sourceTree = "<group>"; };
		EF61DACE1BF43C79005BE20C /* Superheros.m */ = {isa = PBXFileReference; fileEncoding = 4; lastKnownFileType = sourcecode.c.objc; name = Superheros.m; path = ../Superheros.m; sourceTree = "<group>"; };
/* End PBXFileReference section */

/* Begin PBXFrameworksBuildPhase section */
		EF0DAB751BF190C50029DD34 /* Frameworks */ = {
			isa = PBXFrameworksBuildPhase;
			buildActionMask = 2147483647;
			files = (
			);
			runOnlyForDeploymentPostprocessing = 0;
		};
/* End PBXFrameworksBuildPhase section */

/* Begin PBXGroup section */
		EF0DAB6F1BF190C50029DD34 = {
			isa = PBXGroup;
			children = (
				EF0DAB7A1BF190C50029DD34 /* Superheropedia */,
				EF0DAB791BF190C50029DD34 /* Products */,
			);
			sourceTree = "<group>";
		};
		EF0DAB791BF190C50029DD34 /* Products */ = {
			isa = PBXGroup;
			children = (
				EF0DAB781BF190C50029DD34 /* Superheropedia.app */,
			);
			name = Products;
			sourceTree = "<group>";
		};
		EF0DAB7A1BF190C50029DD34 /* Superheropedia */ = {
			isa = PBXGroup;
			children = (
				EF0DAB7E1BF190C50029DD34 /* AppDelegate.h */,
				EF0DAB7F1BF190C50029DD34 /* AppDelegate.m */,
				EF0DAB811BF190C50029DD34 /* ViewController.h */,
				EF0DAB821BF190C50029DD34 /* ViewController.m */,
				EF0DAB921BF1AACD0029DD34 /* RetiredSuperhero.h */,
				EF0DAB931BF1AACD0029DD34 /* RetiredSuperhero.m */,
				EF0DAB841BF190C50029DD34 /* Main.storyboard */,
				EF61DAD11BF43C94005BE20C /* super */,
				EF0DAB871BF190C50029DD34 /* Assets.xcassets */,
				EF0DAB891BF190C50029DD34 /* LaunchScreen.storyboard */,
				EF0DAB8C1BF190C50029DD34 /* Info.plist */,
				EF61DAC91BF439FF005BE20C /* fuuuuu.xcdatamodel */,
				EF0DAB7B1BF190C50029DD34 /* Supporting Files */,
			);
			path = Superheropedia;
			sourceTree = "<group>";
		};
		EF0DAB7B1BF190C50029DD34 /* Supporting Files */ = {
			isa = PBXGroup;
			children = (
				EF0DAB7C1BF190C50029DD34 /* main.m */,
			);
			name = "Supporting Files";
			sourceTree = "<group>";
		};
		EF61DAD11BF43C94005BE20C /* super */ = {
			isa = PBXGroup;
			children = (
				EF61DACB1BF43C79005BE20C /* Superheros+CoreDataProperties.h */,
				EF61DACD1BF43C79005BE20C /* Superheros.h */,
				EF61DACE1BF43C79005BE20C /* Superheros.m */,
				EF61DACC1BF43C79005BE20C /* Superheros+CoreDataProperties.m */,
			);
			name = super;
			sourceTree = "<group>";
		};
/* End PBXGroup section */

/* Begin PBXNativeTarget section */
		EF0DAB771BF190C50029DD34 /* Superheropedia */ = {
			isa = PBXNativeTarget;
			buildConfigurationList = EF0DAB8F1BF190C50029DD34 /* Build configuration list for PBXNativeTarget "Superheropedia" */;
			buildPhases = (
				EF0DAB741BF190C50029DD34 /* Sources */,
				EF0DAB751BF190C50029DD34 /* Frameworks */,
				EF0DAB761BF190C50029DD34 /* Resources */,
			);
			buildRules = (
			);
			dependencies = (
			);
			name = Superheropedia;
			productName = Superheropedia;
			productReference = EF0DAB781BF190C50029DD34 /* Superheropedia.app */;
			productType = "com.apple.product-type.application";
		};
/* End PBXNativeTarget section */

/* Begin PBXProject section */
		EF0DAB701BF190C50029DD34 /* Project object */ = {
			isa = PBXProject;
			attributes = {
				LastUpgradeCheck = 0710;
				ORGANIZATIONNAME = Mike;
				TargetAttributes = {
					EF0DAB771BF190C50029DD34 = {
						CreatedOnToolsVersion = 7.1;
					};
				};
			};
			buildConfigurationList = EF0DAB731BF190C50029DD34 /* Build configuration list for PBXProject "Superheropedia" */;
			compatibilityVersion = "Xcode 3.2";
			developmentRegion = English;
			hasScannedForEncodings = 0;
			knownRegions = (
				en,
				Base,
			);
			mainGroup = EF0DAB6F1BF190C50029DD34;
			productRefGroup = EF0DAB791BF190C50029DD34 /* Products */;
			projectDirPath = "";
			projectRoot = "";
			targets = (
				EF0DAB771BF190C50029DD34 /* Superheropedia */,
			);
		};
/* End PBXProject section */

/* Begin PBXResourcesBuildPhase section */
		EF0DAB761BF190C50029DD34 /* Resources */ = {
			isa = PBXResourcesBuildPhase;
			buildActionMask = 2147483647;
			files = (
				EF0DAB8B1BF190C50029DD34 /* LaunchScreen.storyboard in Resources */,
				EF0DAB881BF190C50029DD34 /* Assets.xcassets in Resources */,
				EF0DAB861BF190C50029DD34 /* Main.storyboard in Resources */,
			);
			runOnlyForDeploymentPostprocessing = 0;
		};
/* End PBXResourcesBuildPhase section */

/* Begin PBXSourcesBuildPhase section */
		EF0DAB741BF190C50029DD34 /* Sources */ = {
			isa = PBXSourcesBuildPhase;
			buildActionMask = 2147483647;
			files = (
				EF0DAB831BF190C50029DD34 /* ViewController.m in Sources */,
				EF0DAB801BF190C50029DD34 /* AppDelegate.m in Sources */,
				EF0DAB7D1BF190C50029DD34 /* main.m in Sources */,
				EF0DAB941BF1AACD0029DD34 /* RetiredSuperhero.m in Sources */,
				EF61DACA1BF439FF005BE20C /* fuuuuu.xcdatamodel in Sources */,
				EF61DAD01BF43C79005BE20C /* Superheros.m in Sources */,
				EF61DACF1BF43C79005BE20C /* Superheros+CoreDataProperties.m in Sources */,
			);
			runOnlyForDeploymentPostprocessing = 0;
		};
/* End PBXSourcesBuildPhase section */

/* Begin PBXVariantGroup section */
		EF0DAB841BF190C50029DD34 /* Main.storyboard */ = {
			isa = PBXVariantGroup;
			children = (
				EF0DAB851BF190C50029DD34 /* Base */,
			);
			name = Main.storyboard;
			sourceTree = "<group>";
		};
		EF0DAB891BF190C50029DD34 /* LaunchScreen.storyboard */ = {
			isa = PBXVariantGroup;
			children = (
				EF0DAB8A1BF190C50029DD34 /* Base */,
			);
			name = LaunchScreen.storyboard;
			sourceTree = "<group>";
		};
/* End PBXVariantGroup section */

/* Begin XCBuildConfiguration section */
		EF0DAB8D1BF190C50029DD34 /* Debug */ = {
			isa = XCBuildConfiguration;
			buildSettings = {
				ALWAYS_SEARCH_USER_PATHS = NO;
				CLANG_CXX_LANGUAGE_STANDARD = "gnu++0x";
				CLANG_CXX_LIBRARY = "libc++";
				CLANG_ENABLE_MODULES = YES;
				CLANG_ENABLE_OBJC_ARC = YES;
				CLANG_WARN_BOOL_CONVERSION = YES;
				CLANG_WARN_CONSTANT_CONVERSION = YES;
				CLANG_WARN_DIRECT_OBJC_ISA_USAGE = YES_ERROR;
				CLANG_WARN_EMPTY_BODY = YES;
				CLANG_WARN_ENUM_CONVERSION = YES;
				CLANG_WARN_INT_CONVERSION = YES;
				CLANG_WARN_OBJC_ROOT_CLASS = YES_ERROR;
				CLANG_WARN_UNREACHABLE_CODE = YES;
				CLANG_WARN__DUPLICATE_METHOD_MATCH = YES;
				"CODE_SIGN_IDENTITY[sdk=iphoneos*]" = "iPhone Developer";
				COPY_PHASE_STRIP = NO;
				DEBUG_INFORMATION_FORMAT = dwarf;
				ENABLE_STRICT_OBJC_MSGSEND = YES;
				ENABLE_TESTABILITY = YES;
				GCC_C_LANGUAGE_STANDARD = gnu99;
				GCC_DYNAMIC_NO_PIC = NO;
				GCC_NO_COMMON_BLOCKS = YES;
				GCC_OPTIMIZATION_LEVEL = 0;
				GCC_PREPROCESSOR_DEFINITIONS = (
					"DEBUG=1",
					"$(inherited)",
				);
				GCC_WARN_64_TO_32_BIT_CONVERSION = YES;
				GCC_WARN_ABOUT_RETURN_TYPE = YES_ERROR;
				GCC_WARN_UNDECLARED_SELECTOR = YES;
				GCC_WARN_UNINITIALIZED_AUTOS = YES_AGGRESSIVE;
				GCC_WARN_UNUSED_FUNCTION = YES;
				GCC_WARN_UNUSED_VARIABLE = YES;
				IPHONEOS_DEPLOYMENT_TARGET = 9.1;
				MTL_ENABLE_DEBUG_INFO = YES;
				ONLY_ACTIVE_ARCH = YES;
				SDKROOT = iphoneos;
			};
			name = Debug;
		};
		EF0DAB8E1BF190C50029DD34 /* Release */ = {
			isa = XCBuildConfiguration;
			buildSettings = {
				ALWAYS_SEARCH_USER_PATHS = NO;
				CLANG_CXX_LANGUAGE_STANDARD = "gnu++0x";
				CLANG_CXX_LIBRARY = "libc++";
				CLANG_ENABLE_MODULES = YES;
				CLANG_ENABLE_OBJC_ARC = YES;
				CLANG_WARN_BOOL_CONVERSION = YES;
				CLANG_WARN_CONSTANT_CONVERSION = YES;
				CLANG_WARN_DIRECT_OBJC_ISA_USAGE = YES_ERROR;
				CLANG_WARN_EMPTY_BODY = YES;
				CLANG_WARN_ENUM_CONVERSION = YES;
				CLANG_WARN_INT_CONVERSION = YES;
				CLANG_WARN_OBJC_ROOT_CLASS = YES_ERROR;
				CLANG_WARN_UNREACHABLE_CODE = YES;
				CLANG_WARN__DUPLICATE_METHOD_MATCH = YES;
				"CODE_SIGN_IDENTITY[sdk=iphoneos*]" = "iPhone Developer";
				COPY_PHASE_STRIP = NO;
				DEBUG_INFORMATION_FORMAT = "dwarf-with-dsym";
				ENABLE_NS_ASSERTIONS = NO;
				ENABLE_STRICT_OBJC_MSGSEND = YES;
				GCC_C_LANGUAGE_STANDARD = gnu99;
				GCC_NO_COMMON_BLOCKS = YES;
				GCC_WARN_64_TO_32_BIT_CONVERSION = YES;
				GCC_WARN_ABOUT_RETURN_TYPE = YES_ERROR;
				GCC_WARN_UNDECLARED_SELECTOR = YES;
				GCC_WARN_UNINITIALIZED_AUTOS = YES_AGGRESSIVE;
				GCC_WARN_UNUSED_FUNCTION = YES;
				GCC_WARN_UNUSED_VARIABLE = YES;
				IPHONEOS_DEPLOYMENT_TARGET = 9.1;
				MTL_ENABLE_DEBUG_INFO = NO;
				SDKROOT = iphoneos;
				VALIDATE_PRODUCT = YES;
			};
			name = Release;
		};
		EF0DAB901BF190C50029DD34 /* Debug */ = {
			isa = XCBuildConfiguration;
			buildSettings = {
				ASSETCATALOG_COMPILER_APPICON_NAME = AppIcon;
				INFOPLIST_FILE = Superheropedia/Info.plist;
				LD_RUNPATH_SEARCH_PATHS = "$(inherited) @executable_path/Frameworks";
				PRODUCT_BUNDLE_IDENTIFIER = Mike.Superheropedia;
				PRODUCT_NAME = "$(TARGET_NAME)";
			};
			name = Debug;
		};
		EF0DAB911BF190C50029DD34 /* Release */ = {
			isa = XCBuildConfiguration;
			buildSettings = {
				ASSETCATALOG_COMPILER_APPICON_NAME = AppIcon;
				INFOPLIST_FILE = Superheropedia/Info.plist;
				LD_RUNPATH_SEARCH_PATHS = "$(inherited) @executable_path/Frameworks";
				PRODUCT_BUNDLE_IDENTIFIER = Mike.Superheropedia;
				PRODUCT_NAME = "$(TARGET_NAME)";
			};
			name = Release;
		};
/* End XCBuildConfiguration section */

/* Begin XCConfigurationList section */
		EF0DAB731BF190C50029DD34 /* Build configuration list for PBXProject "Superheropedia" */ = {
			isa = XCConfigurationList;
			buildConfigurations = (
				EF0DAB8D1BF190C50029DD34 /* Debug */,
				EF0DAB8E1BF190C50029DD34 /* Release */,
			);
			defaultConfigurationIsVisible = 0;
			defaultConfigurationName = Release;
		};
		EF0DAB8F1BF190C50029DD34 /* Build configuration list for PBXNativeTarget "Superheropedia" */ = {
			isa = XCConfigurationList;
			buildConfigurations = (
				EF0DAB901BF190C50029DD34 /* Debug */,
				EF0DAB911BF190C50029DD34 /* Release */,
			);
			defaultConfigurationIsVisible = 0;
			defaultConfigurationName = Release;
		};
/* End XCConfigurationList section */
	};
	rootObject = EF0DAB701BF190C50029DD34 /* Project object */;
}
